
Microsoft Visual Studio Solution File, Format Version 12.00
# Visual Studio 2012
Project("{8BC9CEB8-8B4A-11D0-8D11-00A0C91BC942}") = "op_client_win", "op_client_win\op_client_win.vcxproj", "{A6E5F007-41DA-4102-B865-50FCCC3FCF62}"
EndProject
Project("{8BC9CEB8-8B4A-11D0-8D11-00A0C91BC942}") = "op_server_win", "op_server_win\op_server_win.vcxproj", "{1619CB23-4EC8-4748-9CC0-7356D36DCFBA}"
EndProject
Global
	GlobalSection(SolutionConfigurationPlatforms) = preSolution
		Debug|Win32 = Debug|Win32
		Release|Win32 = Release|Win32
	EndGlobalSection
	GlobalSection(ProjectConfigurationPlatforms) = postSolution
		{A6E5F007-41DA-4102-B865-50FCCC3FCF62}.Debug|Win32.ActiveCfg = Debug|Win32
		{A6E5F007-41DA-4102-B865-50FCCC3FCF62}.Debug|Win32.Build.0 = Debug|Win32
		{A6E5F007-41DA-4102-B865-50FCCC3FCF62}.Release|Win32.ActiveCfg = Release|Win32
		{A6E5F007-41DA-4102-B865-50FCCC3FCF62}.Release|Win32.Build.0 = Release|Win32
		{1619CB23-4EC8-4748-9CC0-7356D36DCFBA}.Debug|Win32.ActiveCfg = Debug|Win32
		{1619CB23-4EC8-4748-9CC0-7356D36DCFBA}.Debug|Win32.Build.0 = Debug|Win32
		{1619CB23-4EC8-4748-9CC0-7356D36DCFBA}.Release|Win32.ActiveCfg = Release|Win32
		{1619CB23-4EC8-4748-9CC0-7356D36DCFBA}.Release|Win32.Build.0 = Release|Win32
	EndGlobalSection
	GlobalSection(SolutionProperties) = preSolution
		HideSolutionNode = FALSE
	EndGlobalSection
EndGlobal
