
Microsoft Visual Studio Solution File, Format Version 12.00
# Visual Studio 14
VisualStudioVersion = 14.0.25420.1
MinimumVisualStudioVersion = 10.0.40219.1
Project("{8BC9CEB8-8B4A-11D0-8D11-00A0C91BC942}") = "file_server_win", "file_server_win\file_server_win.vcxproj", "{B5F7DDA2-BC35-4206-9743-F0CFEAE4D160}"
EndProject
Project("{8BC9CEB8-8B4A-11D0-8D11-00A0C91BC942}") = "file_client_win", "file_client_win\file_client_win.vcxproj", "{95DDF338-5BBE-4A2C-A93C-67C7C0DCE335}"
EndProject
Global
	GlobalSection(SolutionConfigurationPlatforms) = preSolution
		Debug|x64 = Debug|x64
		Debug|x86 = Debug|x86
		Release|x64 = Release|x64
		Release|x86 = Release|x86
	EndGlobalSection
	GlobalSection(ProjectConfigurationPlatforms) = postSolution
		{B5F7DDA2-BC35-4206-9743-F0CFEAE4D160}.Debug|x64.ActiveCfg = Debug|x64
		{B5F7DDA2-BC35-4206-9743-F0CFEAE4D160}.Debug|x64.Build.0 = Debug|x64
		{B5F7DDA2-BC35-4206-9743-F0CFEAE4D160}.Debug|x86.ActiveCfg = Debug|Win32
		{B5F7DDA2-BC35-4206-9743-F0CFEAE4D160}.Debug|x86.Build.0 = Debug|Win32
		{B5F7DDA2-BC35-4206-9743-F0CFEAE4D160}.Release|x64.ActiveCfg = Release|x64
		{B5F7DDA2-BC35-4206-9743-F0CFEAE4D160}.Release|x64.Build.0 = Release|x64
		{B5F7DDA2-BC35-4206-9743-F0CFEAE4D160}.Release|x86.ActiveCfg = Release|Win32
		{B5F7DDA2-BC35-4206-9743-F0CFEAE4D160}.Release|x86.Build.0 = Release|Win32
		{95DDF338-5BBE-4A2C-A93C-67C7C0DCE335}.Debug|x64.ActiveCfg = Debug|x64
		{95DDF338-5BBE-4A2C-A93C-67C7C0DCE335}.Debug|x64.Build.0 = Debug|x64
		{95DDF338-5BBE-4A2C-A93C-67C7C0DCE335}.Debug|x86.ActiveCfg = Debug|Win32
		{95DDF338-5BBE-4A2C-A93C-67C7C0DCE335}.Debug|x86.Build.0 = Debug|Win32
		{95DDF338-5BBE-4A2C-A93C-67C7C0DCE335}.Release|x64.ActiveCfg = Release|x64
		{95DDF338-5BBE-4A2C-A93C-67C7C0DCE335}.Release|x64.Build.0 = Release|x64
		{95DDF338-5BBE-4A2C-A93C-67C7C0DCE335}.Release|x86.ActiveCfg = Release|Win32
		{95DDF338-5BBE-4A2C-A93C-67C7C0DCE335}.Release|x86.Build.0 = Release|Win32
	EndGlobalSection
	GlobalSection(SolutionProperties) = preSolution
		HideSolutionNode = FALSE
	EndGlobalSection
EndGlobal
