
Microsoft Visual Studio Solution File, Format Version 12.00
# Visual Studio 2012
Project("{8BC9CEB8-8B4A-11D0-8D11-00A0C91BC942}") = "buf_win", "buf_win\buf_win.vcxproj", "{60FAA1C0-5E94-4358-8CAD-CB4B44FEB2F8}"
EndProject
Global
	GlobalSection(SolutionConfigurationPlatforms) = preSolution
		Debug|Win32 = Debug|Win32
		Release|Win32 = Release|Win32
	EndGlobalSection
	GlobalSection(ProjectConfigurationPlatforms) = postSolution
		{60FAA1C0-5E94-4358-8CAD-CB4B44FEB2F8}.Debug|Win32.ActiveCfg = Debug|Win32
		{60FAA1C0-5E94-4358-8CAD-CB4B44FEB2F8}.Debug|Win32.Build.0 = Debug|Win32
		{60FAA1C0-5E94-4358-8CAD-CB4B44FEB2F8}.Release|Win32.ActiveCfg = Release|Win32
		{60FAA1C0-5E94-4358-8CAD-CB4B44FEB2F8}.Release|Win32.Build.0 = Release|Win32
	EndGlobalSection
	GlobalSection(SolutionProperties) = preSolution
		HideSolutionNode = FALSE
	EndGlobalSection
EndGlobal
